
Microsoft Visual Studio Solution File, Format Version 12.00
# Visual Studio Version 16
VisualStudioVersion = 16.0.29806.167
MinimumVisualStudioVersion = 10.0.40219.1
Project("{FAE04EC0-301F-11D3-BF4B-00C04F79EFBC}") = "ConsoleApp2Rock Paper Scissors", "ConsoleApp2Rock Paper Scissors.csproj", "{1AA2BA67-D372-489A-A969-0F7CC61C575B}"
EndProject
Global
	GlobalSection(SolutionConfigurationPlatforms) = preSolution
		Debug|Any CPU = Debug|Any CPU
		Release|Any CPU = Release|Any CPU
	EndGlobalSection
	GlobalSection(ProjectConfigurationPlatforms) = postSolution
		{1AA2BA67-D372-489A-A969-0F7CC61C575B}.Debug|Any CPU.ActiveCfg = Debug|Any CPU
		{1AA2BA67-D372-489A-A969-0F7CC61C575B}.Debug|Any CPU.Build.0 = Debug|Any CPU
		{1AA2BA67-D372-489A-A969-0F7CC61C575B}.Release|Any CPU.ActiveCfg = Release|Any CPU
		{1AA2BA67-D372-489A-A969-0F7CC61C575B}.Release|Any CPU.Build.0 = Release|Any CPU
	EndGlobalSection
	GlobalSection(SolutionProperties) = preSolution
		HideSolutionNode = FALSE
	EndGlobalSection
	GlobalSection(ExtensibilityGlobals) = postSolution
		SolutionGuid = {F486BF73-A4AA-4A63-9A62-67E1976DF9E3}
	EndGlobalSection
EndGlobal
